// !$*UTF8*$!
{
	archiveVersion = 1;
	classes = {
	};
	objectVersion = 46;
	objects = {

/* Begin PBXBuildFile section */
		4C142D311EA098F200EF90B8 /* main.m in Sources */ = {isa = PBXBuildFile; fileRef = 4C142D301EA098F200EF90B8 /* main.m */; };
		4C142D341EA098F200EF90B8 /* AppDelegate.m in Sources */ = {isa = PBXBuildFile; fileRef = 4C142D331EA098F200EF90B8 /* AppDelegate.m */; };
		4C142D3A1EA098F200EF90B8 /* Main.storyboard in Resources */ = {isa = PBXBuildFile; fileRef = 4C142D381EA098F200EF90B8 /* Main.storyboard */; };
		4C142D3C1EA098F200EF90B8 /* Assets.xcassets in Resources */ = {isa = PBXBuildFile; fileRef = 4C142D3B1EA098F200EF90B8 /* Assets.xcassets */; };
		4C142D3F1EA098F200EF90B8 /* LaunchScreen.storyboard in Resources */ = {isa = PBXBuildFile; fileRef = 4C142D3D1EA098F200EF90B8 /* LaunchScreen.storyboard */; };
		4C142D4A1EA098F200EF90B8 /* QuestionDemoTests.m in Sources */ = {isa = PBXBuildFile; fileRef = 4C142D491EA098F200EF90B8 /* QuestionDemoTests.m */; };
		4C142D551EA098F200EF90B8 /* QuestionDemoUITests.m in Sources */ = {isa = PBXBuildFile; fileRef = 4C142D541EA098F200EF90B8 /* QuestionDemoUITests.m */; };
		4C7355F41EB4937D008A8A0E /* Find_QuestionAanswerTipTableViewCell.m in Sources */ = {isa = PBXBuildFile; fileRef = 4C7355DD1EB4937D008A8A0E /* Find_QuestionAanswerTipTableViewCell.m */; };
		4C7355F51EB4937D008A8A0E /* Find_QuestionAanswerTipTableViewCell.xib in Resources */ = {isa = PBXBuildFile; fileRef = 4C7355DE1EB4937D008A8A0E /* Find_QuestionAanswerTipTableViewCell.xib */; };
		4C7355F61EB4937D008A8A0E /* Find_QuestionADTableViewCell.m in Sources */ = {isa = PBXBuildFile; fileRef = 4C7355E01EB4937D008A8A0E /* Find_QuestionADTableViewCell.m */; };
		4C7355F71EB4937D008A8A0E /* Find_QuestionADTableViewCell.xib in Resources */ = {isa = PBXBuildFile; fileRef = 4C7355E11EB4937D008A8A0E /* Find_QuestionADTableViewCell.xib */; };
		4C7355F81EB4937D008A8A0E /* Find_QuestionADTTableViewCell.m in Sources */ = {isa = PBXBuildFile; fileRef = 4C7355E31EB4937D008A8A0E /* Find_QuestionADTTableViewCell.m */; };
		4C7355F91EB4937D008A8A0E /* Find_QuestionADTTableViewCell.xib in Resources */ = {isa = PBXBuildFile; fileRef = 4C7355E41EB4937D008A8A0E /* Find_QuestionADTTableViewCell.xib */; };
		4C7355FA1EB4937D008A8A0E /* Find_QuestionAnswerTableViewCell.m in Sources */ = {isa = PBXBuildFile; fileRef = 4C7355E61EB4937D008A8A0E /* Find_QuestionAnswerTableViewCell.m */; };
		4C7355FB1EB4937D008A8A0E /* Find_QuestionAnswerTableViewCell.xib in Resources */ = {isa = PBXBuildFile; fileRef = 4C7355E71EB4937D008A8A0E /* Find_QuestionAnswerTableViewCell.xib */; };
		4C7355FC1EB4937D008A8A0E /* Find_QuestionBottomNewView.m in Sources */ = {isa = PBXBuildFile; fileRef = 4C7355E91EB4937D008A8A0E /* Find_QuestionBottomNewView.m */; };
		4C7355FD1EB4937D008A8A0E /* Find_QuestionBottomNewView.xib in Resources */ = {isa = PBXBuildFile; fileRef = 4C7355EA1EB4937D008A8A0E /* Find_QuestionBottomNewView.xib */; };
		4C7355FE1EB4937D008A8A0E /* Find_QuestionNewCollectionViewCell.m in Sources */ = {isa = PBXBuildFile; fileRef = 4C7355EC1EB4937D008A8A0E /* Find_QuestionNewCollectionViewCell.m */; };
		4C7355FF1EB4937D008A8A0E /* Find_QuestionNewViewController.m in Sources */ = {isa = PBXBuildFile; fileRef = 4C7355EE1EB4937D008A8A0E /* Find_QuestionNewViewController.m */; };
		4C7356001EB4937D008A8A0E /* Find_QuestionQuestionTableViewCell.m in Sources */ = {isa = PBXBuildFile; fileRef = 4C7355F01EB4937D008A8A0E /* Find_QuestionQuestionTableViewCell.m */; };
		4C7356011EB4937D008A8A0E /* Find_QuestionQuestionTableViewCell.xib in Resources */ = {isa = PBXBuildFile; fileRef = 4C7355F11EB4937D008A8A0E /* Find_QuestionQuestionTableViewCell.xib */; };
		4C7356051EB49444008A8A0E /* ToastView.m in Sources */ = {isa = PBXBuildFile; fileRef = 4C7356041EB49444008A8A0E /* ToastView.m */; };
		4C7356101EB49475008A8A0E /* APIMacros.m in Sources */ = {isa = PBXBuildFile; fileRef = 4C7356091EB49475008A8A0E /* APIMacros.m */; };
		4C73561D1EB4950C008A8A0E /* NSString+CurrentPersonIsMe.m in Sources */ = {isa = PBXBuildFile; fileRef = 4C7356151EB4950C008A8A0E /* NSString+CurrentPersonIsMe.m */; };
		4C73561E1EB4950C008A8A0E /* NSString+Other.m in Sources */ = {isa = PBXBuildFile; fileRef = 4C7356181EB4950C008A8A0E /* NSString+Other.m */; };
		4C73561F1EB4950C008A8A0E /* UINavigationBar+PS.m in Sources */ = {isa = PBXBuildFile; fileRef = 4C73561A1EB4950C008A8A0E /* UINavigationBar+PS.m */; };
		4C7356201EB4950C008A8A0E /* UIViewController+BackButtonHandler.m in Sources */ = {isa = PBXBuildFile; fileRef = 4C73561C1EB4950C008A8A0E /* UIViewController+BackButtonHandler.m */; };
		4C7356231EB49572008A8A0E /* QuestionItemView.m in Sources */ = {isa = PBXBuildFile; fileRef = 4C7356221EB49572008A8A0E /* QuestionItemView.m */; };
		4C7356351EB49665008A8A0E /* cuowu.png in Resources */ = {isa = PBXBuildFile; fileRef = 4C7356251EB49665008A8A0E /* cuowu.png */; };
		4C7356361EB49665008A8A0E /* dacuo.png in Resources */ = {isa = PBXBuildFile; fileRef = 4C7356261EB49665008A8A0E /* dacuo.png */; };
		4C7356371EB49665008A8A0E /* dadui.png in Resources */ = {isa = PBXBuildFile; fileRef = 4C7356271EB49665008A8A0E /* dadui.png */; };
		4C7356381EB49665008A8A0E /* datishuoming.png in Resources */ = {isa = PBXBuildFile; fileRef = 4C7356281EB49665008A8A0E /* datishuoming.png */; };
		4C7356391EB49665008A8A0E /* img_nav_back.png in Resources */ = {isa = PBXBuildFile; fileRef = 4C7356291EB49665008A8A0E /* img_nav_back.png */; };
		4C73563A1EB49665008A8A0E /* quanbutimu.png in Resources */ = {isa = PBXBuildFile; fileRef = 4C73562A1EB49665008A8A0E /* quanbutimu.png */; };
		4C73563B1EB49665008A8A0E /* xiangyou.png in Resources */ = {isa = PBXBuildFile; fileRef = 4C73562B1EB49665008A8A0E /* xiangyou.png */; };
		4C73563C1EB49665008A8A0E /* zhengque.png in Resources */ = {isa = PBXBuildFile; fileRef = 4C73562C1EB49665008A8A0E /* zhengque.png */; };
		4C73563D1EB49665008A8A0E /* zimu_a.png in Resources */ = {isa = PBXBuildFile; fileRef = 4C73562D1EB49665008A8A0E /* zimu_a.png */; };
		4C73563E1EB49665008A8A0E /* zimu_b.png in Resources */ = {isa = PBXBuildFile; fileRef = 4C73562E1EB49665008A8A0E /* zimu_b.png */; };
		4C73563F1EB49665008A8A0E /* zimu_c.png in Resources */ = {isa = PBXBuildFile; fileRef = 4C73562F1EB49665008A8A0E /* zimu_c.png */; };
		4C7356401EB49665008A8A0E /* zimu_d.png in Resources */ = {isa = PBXBuildFile; fileRef = 4C7356301EB49665008A8A0E /* zimu_d.png */; };
		4C7356411EB49665008A8A0E /* zimu_lva.png in Resources */ = {isa = PBXBuildFile; fileRef = 4C7356311EB49665008A8A0E /* zimu_lva.png */; };
		4C7356421EB49665008A8A0E /* zimu_lvb.png in Resources */ = {isa = PBXBuildFile; fileRef = 4C7356321EB49665008A8A0E /* zimu_lvb.png */; };
		4C7356431EB49665008A8A0E /* zimu_lvc.png in Resources */ = {isa = PBXBuildFile; fileRef = 4C7356331EB49665008A8A0E /* zimu_lvc.png */; };
		4C7356441EB49665008A8A0E /* zimu_lvd.png in Resources */ = {isa = PBXBuildFile; fileRef = 4C7356341EB49665008A8A0E /* zimu_lvd.png */; };
		4C7356461EB49682008A8A0E /* fastPayLoading.png in Resources */ = {isa = PBXBuildFile; fileRef = 4C7356451EB49682008A8A0E /* fastPayLoading.png */; };
		D4B59FF1A4482330407AC9B2 /* libPods-QuestionDemo.a in Frameworks */ = {isa = PBXBuildFile; fileRef = CAF71F8CC32295798CDA3259 /* libPods-QuestionDemo.a */; };
/* End PBXBuildFile section */

/* Begin PBXContainerItemProxy section */
		4C142D461EA098F200EF90B8 /* PBXContainerItemProxy */ = {
			isa = PBXContainerItemProxy;
			containerPortal = 4C142D241EA098F200EF90B8 /* Project object */;
			proxyType = 1;
			remoteGlobalIDString = 4C142D2B1EA098F200EF90B8;
			remoteInfo = QuestionDemo;
		};
		4C142D511EA098F200EF90B8 /* PBXContainerItemProxy */ = {
			isa = PBXContainerItemProxy;
			containerPortal = 4C142D241EA098F200EF90B8 /* Project object */;
			proxyType = 1;
			remoteGlobalIDString = 4C142D2B1EA098F200EF90B8;
			remoteInfo = QuestionDemo;
		};
/* End PBXContainerItemProxy section */

/* Begin PBXFileReference section */
		091ADAD8190AB94EE8776944 /* Pods-QuestionDemo.release.xcconfig */ = {isa = PBXFileReference; includeInIndex = 1; lastKnownFileType = text.xcconfig; name = "Pods-QuestionDemo.release.xcconfig"; path = "Pods/Target Support Files/Pods-QuestionDemo/Pods-QuestionDemo.release.xcconfig"; sourceTree = "<group>"; };
		4C142D2C1EA098F200EF90B8 /* QuestionDemo.app */ = {isa = PBXFileReference; explicitFileType = wrapper.application; includeInIndex = 0; path = QuestionDemo.app; sourceTree = BUILT_PRODUCTS_DIR; };
		4C142D301EA098F200EF90B8 /* main.m */ = {isa = PBXFileReference; lastKnownFileType = sourcecode.c.objc; path = main.m; sourceTree = "<group>"; };
		4C142D321EA098F200EF90B8 /* AppDelegate.h */ = {isa = PBXFileReference; lastKnownFileType = sourcecode.c.h; path = AppDelegate.h; sourceTree = "<group>"; };
		4C142D331EA098F200EF90B8 /* AppDelegate.m */ = {isa = PBXFileReference; lastKnownFileType = sourcecode.c.objc; path = AppDelegate.m; sourceTree = "<group>"; };
		4C142D391EA098F200EF90B8 /* Base */ = {isa = PBXFileReference; lastKnownFileType = file.storyboard; name = Base; path = Base.lproj/Main.storyboard; sourceTree = "<group>"; };
		4C142D3B1EA098F200EF90B8 /* Assets.xcassets */ = {isa = PBXFileReference; lastKnownFileType = folder.assetcatalog; path = Assets.xcassets; sourceTree = "<group>"; };
		4C142D3E1EA098F200EF90B8 /* Base */ = {isa = PBXFileReference; lastKnownFileType = file.storyboard; name = Base; path = Base.lproj/LaunchScreen.storyboard; sourceTree = "<group>"; };
		4C142D401EA098F200EF90B8 /* Info.plist */ = {isa = PBXFileReference; lastKnownFileType = text.plist.xml; path = Info.plist; sourceTree = "<group>"; };
		4C142D451EA098F200EF90B8 /* QuestionDemoTests.xctest */ = {isa = PBXFileReference; explicitFileType = wrapper.cfbundle; includeInIndex = 0; path = QuestionDemoTests.xctest; sourceTree = BUILT_PRODUCTS_DIR; };
		4C142D491EA098F200EF90B8 /* QuestionDemoTests.m */ = {isa = PBXFileReference; lastKnownFileType = sourcecode.c.objc; path = QuestionDemoTests.m; sourceTree = "<group>"; };
		4C142D4B1EA098F200EF90B8 /* Info.plist */ = {isa = PBXFileReference; lastKnownFileType = text.plist.xml; path = Info.plist; sourceTree = "<group>"; };
		4C142D501EA098F200EF90B8 /* QuestionDemoUITests.xctest */ = {isa = PBXFileReference; explicitFileType = wrapper.cfbundle; includeInIndex = 0; path = QuestionDemoUITests.xctest; sourceTree = BUILT_PRODUCTS_DIR; };
		4C142D541EA098F200EF90B8 /* QuestionDemoUITests.m */ = {isa = PBXFileReference; lastKnownFileType = sourcecode.c.objc; path = QuestionDemoUITests.m; sourceTree = "<group>"; };
		4C142D561EA098F200EF90B8 /* Info.plist */ = {isa = PBXFileReference; lastKnownFileType = text.plist.xml; path = Info.plist; sourceTree = "<group>"; };
		4C7355DC1EB4937D008A8A0E /* Find_QuestionAanswerTipTableViewCell.h */ = {isa = PBXFileReference; fileEncoding = 4; lastKnownFileType = sourcecode.c.h; path = Find_QuestionAanswerTipTableViewCell.h; sourceTree = "<group>"; };
		4C7355DD1EB4937D008A8A0E /* Find_QuestionAanswerTipTableViewCell.m */ = {isa = PBXFileReference; fileEncoding = 4; lastKnownFileType = sourcecode.c.objc; path = Find_QuestionAanswerTipTableViewCell.m; sourceTree = "<group>"; };
		4C7355DE1EB4937D008A8A0E /* Find_QuestionAanswerTipTableViewCell.xib */ = {isa = PBXFileReference; fileEncoding = 4; lastKnownFileType = file.xib; path = Find_QuestionAanswerTipTableViewCell.xib; sourceTree = "<group>"; };
		4C7355DF1EB4937D008A8A0E /* Find_QuestionADTableViewCell.h */ = {isa = PBXFileReference; fileEncoding = 4; lastKnownFileType = sourcecode.c.h; path = Find_QuestionADTableViewCell.h; sourceTree = "<group>"; };
		4C7355E01EB4937D008A8A0E /* Find_QuestionADTableViewCell.m */ = {isa = PBXFileReference; fileEncoding = 4; lastKnownFileType = sourcecode.c.objc; path = Find_QuestionADTableViewCell.m; sourceTree = "<group>"; };
		4C7355E11EB4937D008A8A0E /* Find_QuestionADTableViewCell.xib */ = {isa = PBXFileReference; fileEncoding = 4; lastKnownFileType = file.xib; path = Find_QuestionADTableViewCell.xib; sourceTree = "<group>"; };
		4C7355E21EB4937D008A8A0E /* Find_QuestionADTTableViewCell.h */ = {isa = PBXFileReference; fileEncoding = 4; lastKnownFileType = sourcecode.c.h; path = Find_QuestionADTTableViewCell.h; sourceTree = "<group>"; };
		4C7355E31EB4937D008A8A0E /* Find_QuestionADTTableViewCell.m */ = {isa = PBXFileReference; fileEncoding = 4; lastKnownFileType = sourcecode.c.objc; path = Find_QuestionADTTableViewCell.m; sourceTree = "<group>"; };
		4C7355E41EB4937D008A8A0E /* Find_QuestionADTTableViewCell.xib */ = {isa = PBXFileReference; fileEncoding = 4; lastKnownFileType = file.xib; path = Find_QuestionADTTableViewCell.xib; sourceTree = "<group>"; };
		4C7355E51EB4937D008A8A0E /* Find_QuestionAnswerTableViewCell.h */ = {isa = PBXFileReference; fileEncoding = 4; lastKnownFileType = sourcecode.c.h; path = Find_QuestionAnswerTableViewCell.h; sourceTree = "<group>"; };
		4C7355E61EB4937D008A8A0E /* Find_QuestionAnswerTableViewCell.m */ = {isa = PBXFileReference; fileEncoding = 4; lastKnownFileType = sourcecode.c.objc; path = Find_QuestionAnswerTableViewCell.m; sourceTree = "<group>"; };
		4C7355E71EB4937D008A8A0E /* Find_QuestionAnswerTableViewCell.xib */ = {isa = PBXFileReference; fileEncoding = 4; lastKnownFileType = file.xib; path = Find_QuestionAnswerTableViewCell.xib; sourceTree = "<group>"; };
		4C7355E81EB4937D008A8A0E /* Find_QuestionBottomNewView.h */ = {isa = PBXFileReference; fileEncoding = 4; lastKnownFileType = sourcecode.c.h; path = Find_QuestionBottomNewView.h; sourceTree = "<group>"; };
		4C7355E91EB4937D008A8A0E /* Find_QuestionBottomNewView.m */ = {isa = PBXFileReference; fileEncoding = 4; lastKnownFileType = sourcecode.c.objc; path = Find_QuestionBottomNewView.m; sourceTree = "<group>"; };
		4C7355EA1EB4937D008A8A0E /* Find_QuestionBottomNewView.xib */ = {isa = PBXFileReference; fileEncoding = 4; lastKnownFileType = file.xib; path = Find_QuestionBottomNewView.xib; sourceTree = "<group>"; };
		4C7355EB1EB4937D008A8A0E /* Find_QuestionNewCollectionViewCell.h */ = {isa = PBXFileReference; fileEncoding = 4; lastKnownFileType = sourcecode.c.h; path = Find_QuestionNewCollectionViewCell.h; sourceTree = "<group>"; };
		4C7355EC1EB4937D008A8A0E /* Find_QuestionNewCollectionViewCell.m */ = {isa = PBXFileReference; fileEncoding = 4; lastKnownFileType = sourcecode.c.objc; path = Find_QuestionNewCollectionViewCell.m; sourceTree = "<group>"; };
		4C7355ED1EB4937D008A8A0E /* Find_QuestionNewViewController.h */ = {isa = PBXFileReference; fileEncoding = 4; lastKnownFileType = sourcecode.c.h; path = Find_QuestionNewViewController.h; sourceTree = "<group>"; };
		4C7355EE1EB4937D008A8A0E /* Find_QuestionNewViewController.m */ = {isa = PBXFileReference; fileEncoding = 4; lastKnownFileType = sourcecode.c.objc; path = Find_QuestionNewViewController.m; sourceTree = "<group>"; };
		4C7355EF1EB4937D008A8A0E /* Find_QuestionQuestionTableViewCell.h */ = {isa = PBXFileReference; fileEncoding = 4; lastKnownFileType = sourcecode.c.h; path = Find_QuestionQuestionTableViewCell.h; sourceTree = "<group>"; };
		4C7355F01EB4937D008A8A0E /* Find_QuestionQuestionTableViewCell.m */ = {isa = PBXFileReference; fileEncoding = 4; lastKnownFileType = sourcecode.c.objc; path = Find_QuestionQuestionTableViewCell.m; sourceTree = "<group>"; };
		4C7355F11EB4937D008A8A0E /* Find_QuestionQuestionTableViewCell.xib */ = {isa = PBXFileReference; fileEncoding = 4; lastKnownFileType = file.xib; path = Find_QuestionQuestionTableViewCell.xib; sourceTree = "<group>"; };
		4C7356031EB49444008A8A0E /* ToastView.h */ = {isa = PBXFileReference; fileEncoding = 4; lastKnownFileType = sourcecode.c.h; path = ToastView.h; sourceTree = "<group>"; };
		4C7356041EB49444008A8A0E /* ToastView.m */ = {isa = PBXFileReference; fileEncoding = 4; lastKnownFileType = sourcecode.c.objc; path = ToastView.m; sourceTree = "<group>"; };
		4C7356071EB49475008A8A0E /* ACMarcors.h */ = {isa = PBXFileReference; fileEncoding = 4; lastKnownFileType = sourcecode.c.h; path = ACMarcors.h; sourceTree = "<group>"; };
		4C7356081EB49475008A8A0E /* APIMacros.h */ = {isa = PBXFileReference; fileEncoding = 4; lastKnownFileType = sourcecode.c.h; path = APIMacros.h; sourceTree = "<group>"; };
		4C7356091EB49475008A8A0E /* APIMacros.m */ = {isa = PBXFileReference; fileEncoding = 4; lastKnownFileType = sourcecode.c.objc; path = APIMacros.m; sourceTree = "<group>"; };
		4C73560A1EB49475008A8A0E /* APPMarcors.h */ = {isa = PBXFileReference; fileEncoding = 4; lastKnownFileType = sourcecode.c.h; path = APPMarcors.h; sourceTree = "<group>"; };
		4C73560B1EB49475008A8A0E /* Common.h */ = {isa = PBXFileReference; fileEncoding = 4; lastKnownFileType = sourcecode.c.h; path = Common.h; sourceTree = "<group>"; };
		4C73560C1EB49475008A8A0E /* NotificationMacros.h */ = {isa = PBXFileReference; fileEncoding = 4; lastKnownFileType = sourcecode.c.h; path = NotificationMacros.h; sourceTree = "<group>"; };
		4C73560D1EB49475008A8A0E /* ToolMarcros.h */ = {isa = PBXFileReference; fileEncoding = 4; lastKnownFileType = sourcecode.c.h; path = ToolMarcros.h; sourceTree = "<group>"; };
		4C73560E1EB49475008A8A0E /* UtilsMacros.h */ = {isa = PBXFileReference; fileEncoding = 4; lastKnownFileType = sourcecode.c.h; path = UtilsMacros.h; sourceTree = "<group>"; };
		4C73560F1EB49475008A8A0E /* VendorMarcors.h */ = {isa = PBXFileReference; fileEncoding = 4; lastKnownFileType = sourcecode.c.h; path = VendorMarcors.h; sourceTree = "<group>"; };
		4C7356111EB49492008A8A0E /* PrefixHeader.pch */ = {isa = PBXFileReference; lastKnownFileType = sourcecode.c.h; path = PrefixHeader.pch; sourceTree = "<group>"; };
		4C7356141EB4950C008A8A0E /* NSString+CurrentPersonIsMe.h */ = {isa = PBXFileReference; fileEncoding = 4; lastKnownFileType = sourcecode.c.h; path = "NSString+CurrentPersonIsMe.h"; sourceTree = "<group>"; };
		4C7356151EB4950C008A8A0E /* NSString+CurrentPersonIsMe.m */ = {isa = PBXFileReference; fileEncoding = 4; lastKnownFileType = sourcecode.c.objc; path = "NSString+CurrentPersonIsMe.m"; sourceTree = "<group>"; };
		4C7356171EB4950C008A8A0E /* NSString+Other.h */ = {isa = PBXFileReference; fileEncoding = 4; lastKnownFileType = sourcecode.c.h; path = "NSString+Other.h"; sourceTree = "<group>"; };
		4C7356181EB4950C008A8A0E /* NSString+Other.m */ = {isa = PBXFileReference; fileEncoding = 4; lastKnownFileType = sourcecode.c.objc; path = "NSString+Other.m"; sourceTree = "<group>"; };
		4C7356191EB4950C008A8A0E /* UINavigationBar+PS.h */ = {isa = PBXFileReference; fileEncoding = 4; lastKnownFileType = sourcecode.c.h; path = "UINavigationBar+PS.h"; sourceTree = "<group>"; };
		4C73561A1EB4950C008A8A0E /* UINavigationBar+PS.m */ = {isa = PBXFileReference; fileEncoding = 4; lastKnownFileType = sourcecode.c.objc; path = "UINavigationBar+PS.m"; sourceTree = "<group>"; };
		4C73561B1EB4950C008A8A0E /* UIViewController+BackButtonHandler.h */ = {isa = PBXFileReference; fileEncoding = 4; lastKnownFileType = sourcecode.c.h; path = "UIViewController+BackButtonHandler.h"; sourceTree = "<group>"; };
		4C73561C1EB4950C008A8A0E /* UIViewController+BackButtonHandler.m */ = {isa = PBXFileReference; fileEncoding = 4; lastKnownFileType = sourcecode.c.objc; path = "UIViewController+BackButtonHandler.m"; sourceTree = "<group>"; };
		4C7356211EB49572008A8A0E /* QuestionItemView.h */ = {isa = PBXFileReference; fileEncoding = 4; lastKnownFileType = sourcecode.c.h; path = QuestionItemView.h; sourceTree = "<group>"; };
		4C7356221EB49572008A8A0E /* QuestionItemView.m */ = {isa = PBXFileReference; fileEncoding = 4; lastKnownFileType = sourcecode.c.objc; path = QuestionItemView.m; sourceTree = "<group>"; };
		4C7356251EB49665008A8A0E /* cuowu.png */ = {isa = PBXFileReference; lastKnownFileType = image.png; path = cuowu.png; sourceTree = "<group>"; };
		4C7356261EB49665008A8A0E /* dacuo.png */ = {isa = PBXFileReference; lastKnownFileType = image.png; path = dacuo.png; sourceTree = "<group>"; };
		4C7356271EB49665008A8A0E /* dadui.png */ = {isa = PBXFileReference; lastKnownFileType = image.png; path = dadui.png; sourceTree = "<group>"; };
		4C7356281EB49665008A8A0E /* datishuoming.png */ = {isa = PBXFileReference; lastKnownFileType = image.png; path = datishuoming.png; sourceTree = "<group>"; };
		4C7356291EB49665008A8A0E /* img_nav_back.png */ = {isa = PBXFileReference; lastKnownFileType = image.png; path = img_nav_back.png; sourceTree = "<group>"; };
		4C73562A1EB49665008A8A0E /* quanbutimu.png */ = {isa = PBXFileReference; lastKnownFileType = image.png; path = quanbutimu.png; sourceTree = "<group>"; };
		4C73562B1EB49665008A8A0E /* xiangyou.png */ = {isa = PBXFileReference; lastKnownFileType = image.png; path = xiangyou.png; sourceTree = "<group>"; };
		4C73562C1EB49665008A8A0E /* zhengque.png */ = {isa = PBXFileReference; lastKnownFileType = image.png; path = zhengque.png; sourceTree = "<group>"; };
		4C73562D1EB49665008A8A0E /* zimu_a.png */ = {isa = PBXFileReference; lastKnownFileType = image.png; path = zimu_a.png; sourceTree = "<group>"; };
		4C73562E1EB49665008A8A0E /* zimu_b.png */ = {isa = PBXFileReference; lastKnownFileType = image.png; path = zimu_b.png; sourceTree = "<group>"; };
		4C73562F1EB49665008A8A0E /* zimu_c.png */ = {isa = PBXFileReference; lastKnownFileType = image.png; path = zimu_c.png; sourceTree = "<group>"; };
		4C7356301EB49665008A8A0E /* zimu_d.png */ = {isa = PBXFileReference; lastKnownFileType = image.png; path = zimu_d.png; sourceTree = "<group>"; };
		4C7356311EB49665008A8A0E /* zimu_lva.png */ = {isa = PBXFileReference; lastKnownFileType = image.png; path = zimu_lva.png; sourceTree = "<group>"; };
		4C7356321EB49665008A8A0E /* zimu_lvb.png */ = {isa = PBXFileReference; lastKnownFileType = image.png; path = zimu_lvb.png; sourceTree = "<group>"; };
		4C7356331EB49665008A8A0E /* zimu_lvc.png */ = {isa = PBXFileReference; lastKnownFileType = image.png; path = zimu_lvc.png; sourceTree = "<group>"; };
		4C7356341EB49665008A8A0E /* zimu_lvd.png */ = {isa = PBXFileReference; lastKnownFileType = image.png; path = zimu_lvd.png; sourceTree = "<group>"; };
		4C7356451EB49682008A8A0E /* fastPayLoading.png */ = {isa = PBXFileReference; lastKnownFileType = image.png; path = fastPayLoading.png; sourceTree = "<group>"; };
		63114807BD3916135F8E00F3 /* Pods-QuestionDemo.debug.xcconfig */ = {isa = PBXFileReference; includeInIndex = 1; lastKnownFileType = text.xcconfig; name = "Pods-QuestionDemo.debug.xcconfig"; path = "Pods/Target Support Files/Pods-QuestionDemo/Pods-QuestionDemo.debug.xcconfig"; sourceTree = "<group>"; };
		CAF71F8CC32295798CDA3259 /* libPods-QuestionDemo.a */ = {isa = PBXFileReference; explicitFileType = archive.ar; includeInIndex = 0; path = "libPods-QuestionDemo.a"; sourceTree = BUILT_PRODUCTS_DIR; };
/* End PBXFileReference section */

/* Begin PBXFrameworksBuildPhase section */
		4C142D291EA098F200EF90B8 /* Frameworks */ = {
			isa = PBXFrameworksBuildPhase;
			buildActionMask = 2147483647;
			files = (
				D4B59FF1A4482330407AC9B2 /* libPods-QuestionDemo.a in Frameworks */,
			);
			runOnlyForDeploymentPostprocessing = 0;
		};
		4C142D421EA098F200EF90B8 /* Frameworks */ = {
			isa = PBXFrameworksBuildPhase;
			buildActionMask = 2147483647;
			files = (
			);
			runOnlyForDeploymentPostprocessing = 0;
		};
		4C142D4D1EA098F200EF90B8 /* Frameworks */ = {
			isa = PBXFrameworksBuildPhase;
			buildActionMask = 2147483647;
			files = (
			);
			runOnlyForDeploymentPostprocessing = 0;
		};
/* End PBXFrameworksBuildPhase section */

/* Begin PBXGroup section */
		4C142D231EA098F200EF90B8 = {
			isa = PBXGroup;
			children = (
				4C7356241EB49665008A8A0E /* tubiao428 */,
				4C7356121EB4950C008A8A0E /* Extension */,
				4C7356111EB49492008A8A0E /* PrefixHeader.pch */,
				4C7356061EB49475008A8A0E /* Marcros */,
				4C142D2E1EA098F200EF90B8 /* QuestionDemo */,
				4C142D481EA098F200EF90B8 /* QuestionDemoTests */,
				4C142D531EA098F200EF90B8 /* QuestionDemoUITests */,
				4C142D2D1EA098F200EF90B8 /* Products */,
				5DB1EDFD63DBE96637D1501C /* Pods */,
				6F14EBC7202CA548E4843496 /* Frameworks */,
			);
			sourceTree = "<group>";
		};
		4C142D2D1EA098F200EF90B8 /* Products */ = {
			isa = PBXGroup;
			children = (
				4C142D2C1EA098F200EF90B8 /* QuestionDemo.app */,
				4C142D451EA098F200EF90B8 /* QuestionDemoTests.xctest */,
				4C142D501EA098F200EF90B8 /* QuestionDemoUITests.xctest */,
			);
			name = Products;
			sourceTree = "<group>";
		};
		4C142D2E1EA098F200EF90B8 /* QuestionDemo */ = {
			isa = PBXGroup;
			children = (
				4C7356031EB49444008A8A0E /* ToastView.h */,
				4C7356041EB49444008A8A0E /* ToastView.m */,
				4C7355DC1EB4937D008A8A0E /* Find_QuestionAanswerTipTableViewCell.h */,
				4C7355DD1EB4937D008A8A0E /* Find_QuestionAanswerTipTableViewCell.m */,
				4C7355DE1EB4937D008A8A0E /* Find_QuestionAanswerTipTableViewCell.xib */,
				4C7355DF1EB4937D008A8A0E /* Find_QuestionADTableViewCell.h */,
				4C7355E01EB4937D008A8A0E /* Find_QuestionADTableViewCell.m */,
				4C7355E11EB4937D008A8A0E /* Find_QuestionADTableViewCell.xib */,
				4C7355E21EB4937D008A8A0E /* Find_QuestionADTTableViewCell.h */,
				4C7355E31EB4937D008A8A0E /* Find_QuestionADTTableViewCell.m */,
				4C7355E41EB4937D008A8A0E /* Find_QuestionADTTableViewCell.xib */,
				4C7355E51EB4937D008A8A0E /* Find_QuestionAnswerTableViewCell.h */,
				4C7355E61EB4937D008A8A0E /* Find_QuestionAnswerTableViewCell.m */,
				4C7355E71EB4937D008A8A0E /* Find_QuestionAnswerTableViewCell.xib */,
				4C7355E81EB4937D008A8A0E /* Find_QuestionBottomNewView.h */,
				4C7355E91EB4937D008A8A0E /* Find_QuestionBottomNewView.m */,
				4C7355EA1EB4937D008A8A0E /* Find_QuestionBottomNewView.xib */,
				4C7355EB1EB4937D008A8A0E /* Find_QuestionNewCollectionViewCell.h */,
				4C7355EC1EB4937D008A8A0E /* Find_QuestionNewCollectionViewCell.m */,
				4C7355ED1EB4937D008A8A0E /* Find_QuestionNewViewController.h */,
				4C7355EE1EB4937D008A8A0E /* Find_QuestionNewViewController.m */,
				4C7355EF1EB4937D008A8A0E /* Find_QuestionQuestionTableViewCell.h */,
				4C7355F01EB4937D008A8A0E /* Find_QuestionQuestionTableViewCell.m */,
				4C7355F11EB4937D008A8A0E /* Find_QuestionQuestionTableViewCell.xib */,
				4C7356211EB49572008A8A0E /* QuestionItemView.h */,
				4C7356221EB49572008A8A0E /* QuestionItemView.m */,
				4C142D321EA098F200EF90B8 /* AppDelegate.h */,
				4C142D331EA098F200EF90B8 /* AppDelegate.m */,
				4C142D381EA098F200EF90B8 /* Main.storyboard */,
				4C142D3B1EA098F200EF90B8 /* Assets.xcassets */,
				4C142D3D1EA098F200EF90B8 /* LaunchScreen.storyboard */,
				4C142D401EA098F200EF90B8 /* Info.plist */,
				4C142D2F1EA098F200EF90B8 /* Supporting Files */,
			);
			path = QuestionDemo;
			sourceTree = "<group>";
		};
		4C142D2F1EA098F200EF90B8 /* Supporting Files */ = {
			isa = PBXGroup;
			children = (
				4C142D301EA098F200EF90B8 /* main.m */,
			);
			name = "Supporting Files";
			sourceTree = "<group>";
		};
		4C142D481EA098F200EF90B8 /* QuestionDemoTests */ = {
			isa = PBXGroup;
			children = (
				4C142D491EA098F200EF90B8 /* QuestionDemoTests.m */,
				4C142D4B1EA098F200EF90B8 /* Info.plist */,
			);
			path = QuestionDemoTests;
			sourceTree = "<group>";
		};
		4C142D531EA098F200EF90B8 /* QuestionDemoUITests */ = {
			isa = PBXGroup;
			children = (
				4C142D541EA098F200EF90B8 /* QuestionDemoUITests.m */,
				4C142D561EA098F200EF90B8 /* Info.plist */,
			);
			path = QuestionDemoUITests;
			sourceTree = "<group>";
		};
		4C7356061EB49475008A8A0E /* Marcros */ = {
			isa = PBXGroup;
			children = (
				4C7356071EB49475008A8A0E /* ACMarcors.h */,
				4C7356081EB49475008A8A0E /* APIMacros.h */,
				4C7356091EB49475008A8A0E /* APIMacros.m */,
				4C73560A1EB49475008A8A0E /* APPMarcors.h */,
				4C73560B1EB49475008A8A0E /* Common.h */,
				4C73560C1EB49475008A8A0E /* NotificationMacros.h */,
				4C73560D1EB49475008A8A0E /* ToolMarcros.h */,
				4C73560E1EB49475008A8A0E /* UtilsMacros.h */,
				4C73560F1EB49475008A8A0E /* VendorMarcors.h */,
			);
			path = Marcros;
			sourceTree = "<group>";
		};
		4C7356121EB4950C008A8A0E /* Extension */ = {
			isa = PBXGroup;
			children = (
				4C7356131EB4950C008A8A0E /* ExtendObj */,
				4C7356161EB4950C008A8A0E /* Extension */,
			);
			path = Extension;
			sourceTree = "<group>";
		};
		4C7356131EB4950C008A8A0E /* ExtendObj */ = {
			isa = PBXGroup;
			children = (
				4C7356141EB4950C008A8A0E /* NSString+CurrentPersonIsMe.h */,
				4C7356151EB4950C008A8A0E /* NSString+CurrentPersonIsMe.m */,
			);
			path = ExtendObj;
			sourceTree = "<group>";
		};
		4C7356161EB4950C008A8A0E /* Extension */ = {
			isa = PBXGroup;
			children = (
				4C7356171EB4950C008A8A0E /* NSString+Other.h */,
				4C7356181EB4950C008A8A0E /* NSString+Other.m */,
				4C7356191EB4950C008A8A0E /* UINavigationBar+PS.h */,
				4C73561A1EB4950C008A8A0E /* UINavigationBar+PS.m */,
				4C73561B1EB4950C008A8A0E /* UIViewController+BackButtonHandler.h */,
				4C73561C1EB4950C008A8A0E /* UIViewController+BackButtonHandler.m */,
			);
			path = Extension;
			sourceTree = "<group>";
		};
		4C7356241EB49665008A8A0E /* tubiao428 */ = {
			isa = PBXGroup;
			children = (
				4C7356451EB49682008A8A0E /* fastPayLoading.png */,
				4C7356251EB49665008A8A0E /* cuowu.png */,
				4C7356261EB49665008A8A0E /* dacuo.png */,
				4C7356271EB49665008A8A0E /* dadui.png */,
				4C7356281EB49665008A8A0E /* datishuoming.png */,
				4C7356291EB49665008A8A0E /* img_nav_back.png */,
				4C73562A1EB49665008A8A0E /* quanbutimu.png */,
				4C73562B1EB49665008A8A0E /* xiangyou.png */,
				4C73562C1EB49665008A8A0E /* zhengque.png */,
				4C73562D1EB49665008A8A0E /* zimu_a.png */,
				4C73562E1EB49665008A8A0E /* zimu_b.png */,
				4C73562F1EB49665008A8A0E /* zimu_c.png */,
				4C7356301EB49665008A8A0E /* zimu_d.png */,
				4C7356311EB49665008A8A0E /* zimu_lva.png */,
				4C7356321EB49665008A8A0E /* zimu_lvb.png */,
				4C7356331EB49665008A8A0E /* zimu_lvc.png */,
				4C7356341EB49665008A8A0E /* zimu_lvd.png */,
			);
			path = tubiao428;
			sourceTree = "<group>";
		};
		5DB1EDFD63DBE96637D1501C /* Pods */ = {
			isa = PBXGroup;
			children = (
				63114807BD3916135F8E00F3 /* Pods-QuestionDemo.debug.xcconfig */,
				091ADAD8190AB94EE8776944 /* Pods-QuestionDemo.release.xcconfig */,
			);
			name = Pods;
			sourceTree = "<group>";
		};
		6F14EBC7202CA548E4843496 /* Frameworks */ = {
			isa = PBXGroup;
			children = (
				CAF71F8CC32295798CDA3259 /* libPods-QuestionDemo.a */,
			);
			name = Frameworks;
			sourceTree = "<group>";
		};
/* End PBXGroup section */

/* Begin PBXNativeTarget section */
		4C142D2B1EA098F200EF90B8 /* QuestionDemo */ = {
			isa = PBXNativeTarget;
			buildConfigurationList = 4C142D591EA098F200EF90B8 /* Build configuration list for PBXNativeTarget "QuestionDemo" */;
			buildPhases = (
				DE19D27C8033B2DB1AAEB102 /* [CP] Check Pods Manifest.lock */,
				4C142D281EA098F200EF90B8 /* Sources */,
				4C142D291EA098F200EF90B8 /* Frameworks */,
				4C142D2A1EA098F200EF90B8 /* Resources */,
				7BE9D20C845E2F5E08DCBD25 /* [CP] Embed Pods Frameworks */,
				1030BD290A98A3C022160BCB /* [CP] Copy Pods Resources */,
			);
			buildRules = (
			);
			dependencies = (
			);
			name = QuestionDemo;
			productName = QuestionDemo;
			productReference = 4C142D2C1EA098F200EF90B8 /* QuestionDemo.app */;
			productType = "com.apple.product-type.application";
		};
		4C142D441EA098F200EF90B8 /* QuestionDemoTests */ = {
			isa = PBXNativeTarget;
			buildConfigurationList = 4C142D5C1EA098F200EF90B8 /* Build configuration list for PBXNativeTarget "QuestionDemoTests" */;
			buildPhases = (
				4C142D411EA098F200EF90B8 /* Sources */,
				4C142D421EA098F200EF90B8 /* Frameworks */,
				4C142D431EA098F200EF90B8 /* Resources */,
			);
			buildRules = (
			);
			dependencies = (
				4C142D471EA098F200EF90B8 /* PBXTargetDependency */,
			);
			name = QuestionDemoTests;
			productName = QuestionDemoTests;
			productReference = 4C142D451EA098F200EF90B8 /* QuestionDemoTests.xctest */;
			productType = "com.apple.product-type.bundle.unit-test";
		};
		4C142D4F1EA098F200EF90B8 /* QuestionDemoUITests */ = {
			isa = PBXNativeTarget;
			buildConfigurationList = 4C142D5F1EA098F200EF90B8 /* Build configuration list for PBXNativeTarget "QuestionDemoUITests" */;
			buildPhases = (
				4C142D4C1EA098F200EF90B8 /* Sources */,
				4C142D4D1EA098F200EF90B8 /* Frameworks */,
				4C142D4E1EA098F200EF90B8 /* Resources */,
			);
			buildRules = (
			);
			dependencies = (
				4C142D521EA098F200EF90B8 /* PBXTargetDependency */,
			);
			name = QuestionDemoUITests;
			productName = QuestionDemoUITests;
			productReference = 4C142D501EA098F200EF90B8 /* QuestionDemoUITests.xctest */;
			productType = "com.apple.product-type.bundle.ui-testing";
		};
/* End PBXNativeTarget section */

/* Begin PBXProject section */
		4C142D241EA098F200EF90B8 /* Project object */ = {
			isa = PBXProject;
			attributes = {
				LastUpgradeCheck = 0830;
				ORGANIZATIONNAME = "范玉杰";
				TargetAttributes = {
					4C142D2B1EA098F200EF90B8 = {
						CreatedOnToolsVersion = 8.3.1;
						DevelopmentTeam = 4N4AMP88H6;
						ProvisioningStyle = Automatic;
					};
					4C142D441EA098F200EF90B8 = {
						CreatedOnToolsVersion = 8.3.1;
						DevelopmentTeam = 4N4AMP88H6;
						ProvisioningStyle = Automatic;
						TestTargetID = 4C142D2B1EA098F200EF90B8;
					};
					4C142D4F1EA098F200EF90B8 = {
						CreatedOnToolsVersion = 8.3.1;
						DevelopmentTeam = 4N4AMP88H6;
						ProvisioningStyle = Automatic;
						TestTargetID = 4C142D2B1EA098F200EF90B8;
					};
				};
			};
			buildConfigurationList = 4C142D271EA098F200EF90B8 /* Build configuration list for PBXProject "QuestionDemo" */;
			compatibilityVersion = "Xcode 3.2";
			developmentRegion = English;
			hasScannedForEncodings = 0;
			knownRegions = (
				en,
				Base,
			);
			mainGroup = 4C142D231EA098F200EF90B8;
			productRefGroup = 4C142D2D1EA098F200EF90B8 /* Products */;
			projectDirPath = "";
			projectRoot = "";
			targets = (
				4C142D2B1EA098F200EF90B8 /* QuestionDemo */,
				4C142D441EA098F200EF90B8 /* QuestionDemoTests */,
				4C142D4F1EA098F200EF90B8 /* QuestionDemoUITests */,
			);
		};
/* End PBXProject section */

/* Begin PBXResourcesBuildPhase section */
		4C142D2A1EA098F200EF90B8 /* Resources */ = {
			isa = PBXResourcesBuildPhase;
			buildActionMask = 2147483647;
			files = (
				4C142D3F1EA098F200EF90B8 /* LaunchScreen.storyboard in Resources */,
				4C7356361EB49665008A8A0E /* dacuo.png in Resources */,
				4C7356401EB49665008A8A0E /* zimu_d.png in Resources */,
				4C7356351EB49665008A8A0E /* cuowu.png in Resources */,
				4C73563B1EB49665008A8A0E /* xiangyou.png in Resources */,
				4C7356011EB4937D008A8A0E /* Find_QuestionQuestionTableViewCell.xib in Resources */,
				4C7355FD1EB4937D008A8A0E /* Find_QuestionBottomNewView.xib in Resources */,
				4C142D3C1EA098F200EF90B8 /* Assets.xcassets in Resources */,
				4C7356391EB49665008A8A0E /* img_nav_back.png in Resources */,
				4C7355F51EB4937D008A8A0E /* Find_QuestionAanswerTipTableViewCell.xib in Resources */,
				4C7356371EB49665008A8A0E /* dadui.png in Resources */,
				4C7356421EB49665008A8A0E /* zimu_lvb.png in Resources */,
				4C7355FB1EB4937D008A8A0E /* Find_QuestionAnswerTableViewCell.xib in Resources */,
				4C7356461EB49682008A8A0E /* fastPayLoading.png in Resources */,
				4C7356411EB49665008A8A0E /* zimu_lva.png in Resources */,
				4C7356441EB49665008A8A0E /* zimu_lvd.png in Resources */,
				4C73563E1EB49665008A8A0E /* zimu_b.png in Resources */,
				4C7355F71EB4937D008A8A0E /* Find_QuestionADTableViewCell.xib in Resources */,
				4C7356431EB49665008A8A0E /* zimu_lvc.png in Resources */,
				4C7355F91EB4937D008A8A0E /* Find_QuestionADTTableViewCell.xib in Resources */,
				4C7356381EB49665008A8A0E /* datishuoming.png in Resources */,
				4C73563D1EB49665008A8A0E /* zimu_a.png in Resources */,
				4C73563F1EB49665008A8A0E /* zimu_c.png in Resources */,
				4C73563A1EB49665008A8A0E /* quanbutimu.png in Resources */,
				4C73563C1EB49665008A8A0E /* zhengque.png in Resources */,
				4C142D3A1EA098F200EF90B8 /* Main.storyboard in Resources */,
			);
			runOnlyForDeploymentPostprocessing = 0;
		};
		4C142D431EA098F200EF90B8 /* Resources */ = {
			isa = PBXResourcesBuildPhase;
			buildActionMask = 2147483647;
			files = (
			);
			runOnlyForDeploymentPostprocessing = 0;
		};
		4C142D4E1EA098F200EF90B8 /* Resources */ = {
			isa = PBXResourcesBuildPhase;
			buildActionMask = 2147483647;
			files = (
			);
			runOnlyForDeploymentPostprocessing = 0;
		};
/* End PBXResourcesBuildPhase section */

/* Begin PBXShellScriptBuildPhase section */
		1030BD290A98A3C022160BCB /* [CP] Copy Pods Resources */ = {
			isa = PBXShellScriptBuildPhase;
			buildActionMask = 2147483647;
			files = (
			);
			inputPaths = (
			);
			name = "[CP] Copy Pods Resources";
			outputPaths = (
			);
			runOnlyForDeploymentPostprocessing = 0;
			shellPath = /bin/sh;
			shellScript = "\"${SRCROOT}/Pods/Target Support Files/Pods-QuestionDemo/Pods-QuestionDemo-resources.sh\"\n";
			showEnvVarsInLog = 0;
		};
		7BE9D20C845E2F5E08DCBD25 /* [CP] Embed Pods Frameworks */ = {
			isa = PBXShellScriptBuildPhase;
			buildActionMask = 2147483647;
			files = (
			);
			inputPaths = (
			);
			name = "[CP] Embed Pods Frameworks";
			outputPaths = (
			);
			runOnlyForDeploymentPostprocessing = 0;
			shellPath = /bin/sh;
			shellScript = "\"${SRCROOT}/Pods/Target Support Files/Pods-QuestionDemo/Pods-QuestionDemo-frameworks.sh\"\n";
			showEnvVarsInLog = 0;
		};
		DE19D27C8033B2DB1AAEB102 /* [CP] Check Pods Manifest.lock */ = {
			isa = PBXShellScriptBuildPhase;
			buildActionMask = 2147483647;
			files = (
			);
			inputPaths = (
			);
			name = "[CP] Check Pods Manifest.lock";
			outputPaths = (
			);
			runOnlyForDeploymentPostprocessing = 0;
			shellPath = /bin/sh;
			shellScript = "diff \"${PODS_ROOT}/../Podfile.lock\" \"${PODS_ROOT}/Manifest.lock\" > /dev/null\nif [ $? != 0 ] ; then\n    # print error to STDERR\n    echo \"error: The sandbox is not in sync with the Podfile.lock. Run 'pod install' or update your CocoaPods installation.\" >&2\n    exit 1\nfi\n";
			showEnvVarsInLog = 0;
		};
/* End PBXShellScriptBuildPhase section */

/* Begin PBXSourcesBuildPhase section */
		4C142D281EA098F200EF90B8 /* Sources */ = {
			isa = PBXSourcesBuildPhase;
			buildActionMask = 2147483647;
			files = (
				4C73561F1EB4950C008A8A0E /* UINavigationBar+PS.m in Sources */,
				4C7356101EB49475008A8A0E /* APIMacros.m in Sources */,
				4C7355F81EB4937D008A8A0E /* Find_QuestionADTTableViewCell.m in Sources */,
				4C7355FC1EB4937D008A8A0E /* Find_QuestionBottomNewView.m in Sources */,
				4C142D341EA098F200EF90B8 /* AppDelegate.m in Sources */,
				4C7355F61EB4937D008A8A0E /* Find_QuestionADTableViewCell.m in Sources */,
				4C7356051EB49444008A8A0E /* ToastView.m in Sources */,
				4C7355F41EB4937D008A8A0E /* Find_QuestionAanswerTipTableViewCell.m in Sources */,
				4C73561E1EB4950C008A8A0E /* NSString+Other.m in Sources */,
				4C7356001EB4937D008A8A0E /* Find_QuestionQuestionTableViewCell.m in Sources */,
				4C7355FE1EB4937D008A8A0E /* Find_QuestionNewCollectionViewCell.m in Sources */,
				4C7356231EB49572008A8A0E /* QuestionItemView.m in Sources */,
				4C73561D1EB4950C008A8A0E /* NSString+CurrentPersonIsMe.m in Sources */,
				4C7356201EB4950C008A8A0E /* UIViewController+BackButtonHandler.m in Sources */,
				4C7355FA1EB4937D008A8A0E /* Find_QuestionAnswerTableViewCell.m in Sources */,
				4C7355FF1EB4937D008A8A0E /* Find_QuestionNewViewController.m in Sources */,
				4C142D311EA098F200EF90B8 /* main.m in Sources */,
			);
			runOnlyForDeploymentPostprocessing = 0;
		};
		4C142D411EA098F200EF90B8 /* Sources */ = {
			isa = PBXSourcesBuildPhase;
			buildActionMask = 2147483647;
			files = (
				4C142D4A1EA098F200EF90B8 /* QuestionDemoTests.m in Sources */,
			);
			runOnlyForDeploymentPostprocessing = 0;
		};
		4C142D4C1EA098F200EF90B8 /* Sources */ = {
			isa = PBXSourcesBuildPhase;
			buildActionMask = 2147483647;
			files = (
				4C142D551EA098F200EF90B8 /* QuestionDemoUITests.m in Sources */,
			);
			runOnlyForDeploymentPostprocessing = 0;
		};
/* End PBXSourcesBuildPhase section */

/* Begin PBXTargetDependency section */
		4C142D471EA098F200EF90B8 /* PBXTargetDependency */ = {
			isa = PBXTargetDependency;
			target = 4C142D2B1EA098F200EF90B8 /* QuestionDemo */;
			targetProxy = 4C142D461EA098F200EF90B8 /* PBXContainerItemProxy */;
		};
		4C142D521EA098F200EF90B8 /* PBXTargetDependency */ = {
			isa = PBXTargetDependency;
			target = 4C142D2B1EA098F200EF90B8 /* QuestionDemo */;
			targetProxy = 4C142D511EA098F200EF90B8 /* PBXContainerItemProxy */;
		};
/* End PBXTargetDependency section */

/* Begin PBXVariantGroup section */
		4C142D381EA098F200EF90B8 /* Main.storyboard */ = {
			isa = PBXVariantGroup;
			children = (
				4C142D391EA098F200EF90B8 /* Base */,
			);
			name = Main.storyboard;
			sourceTree = "<group>";
		};
		4C142D3D1EA098F200EF90B8 /* LaunchScreen.storyboard */ = {
			isa = PBXVariantGroup;
			children = (
				4C142D3E1EA098F200EF90B8 /* Base */,
			);
			name = LaunchScreen.storyboard;
			sourceTree = "<group>";
		};
/* End PBXVariantGroup section */

/* Begin XCBuildConfiguration section */
		4C142D571EA098F200EF90B8 /* Debug */ = {
			isa = XCBuildConfiguration;
			buildSettings = {
				ALWAYS_SEARCH_USER_PATHS = NO;
				CLANG_ANALYZER_NONNULL = YES;
				CLANG_ANALYZER_NUMBER_OBJECT_CONVERSION = YES_AGGRESSIVE;
				CLANG_CXX_LANGUAGE_STANDARD = "gnu++0x";
				CLANG_CXX_LIBRARY = "libc++";
				CLANG_ENABLE_MODULES = YES;
				CLANG_ENABLE_OBJC_ARC = YES;
				CLANG_WARN_BOOL_CONVERSION = YES;
				CLANG_WARN_CONSTANT_CONVERSION = YES;
				CLANG_WARN_DIRECT_OBJC_ISA_USAGE = YES_ERROR;
				CLANG_WARN_DOCUMENTATION_COMMENTS = YES;
				CLANG_WARN_EMPTY_BODY = YES;
				CLANG_WARN_ENUM_CONVERSION = YES;
				CLANG_WARN_INFINITE_RECURSION = YES;
				CLANG_WARN_INT_CONVERSION = YES;
				CLANG_WARN_OBJC_ROOT_CLASS = YES_ERROR;
				CLANG_WARN_SUSPICIOUS_MOVE = YES;
				CLANG_WARN_UNREACHABLE_CODE = YES;
				CLANG_WARN__DUPLICATE_METHOD_MATCH = YES;
				"CODE_SIGN_IDENTITY[sdk=iphoneos*]" = "iPhone Developer";
				COPY_PHASE_STRIP = NO;
				DEBUG_INFORMATION_FORMAT = dwarf;
				ENABLE_STRICT_OBJC_MSGSEND = YES;
				ENABLE_TESTABILITY = YES;
				GCC_C_LANGUAGE_STANDARD = gnu99;
				GCC_DYNAMIC_NO_PIC = NO;
				GCC_NO_COMMON_BLOCKS = YES;
				GCC_OPTIMIZATION_LEVEL = 0;
				GCC_PREPROCESSOR_DEFINITIONS = (
					"DEBUG=1",
					"$(inherited)",
				);
				GCC_WARN_64_TO_32_BIT_CONVERSION = YES;
				GCC_WARN_ABOUT_RETURN_TYPE = YES_ERROR;
				GCC_WARN_UNDECLARED_SELECTOR = YES;
				GCC_WARN_UNINITIALIZED_AUTOS = YES_AGGRESSIVE;
				GCC_WARN_UNUSED_FUNCTION = YES;
				GCC_WARN_UNUSED_VARIABLE = YES;
				IPHONEOS_DEPLOYMENT_TARGET = 10.3;
				MTL_ENABLE_DEBUG_INFO = YES;
				ONLY_ACTIVE_ARCH = YES;
				SDKROOT = iphoneos;
			};
			name = Debug;
		};
		4C142D581EA098F200EF90B8 /* Release */ = {
			isa = XCBuildConfiguration;
			buildSettings = {
				ALWAYS_SEARCH_USER_PATHS = NO;
				CLANG_ANALYZER_NONNULL = YES;
				CLANG_ANALYZER_NUMBER_OBJECT_CONVERSION = YES_AGGRESSIVE;
				CLANG_CXX_LANGUAGE_STANDARD = "gnu++0x";
				CLANG_CXX_LIBRARY = "libc++";
				CLANG_ENABLE_MODULES = YES;
				CLANG_ENABLE_OBJC_ARC = YES;
				CLANG_WARN_BOOL_CONVERSION = YES;
				CLANG_WARN_CONSTANT_CONVERSION = YES;
				CLANG_WARN_DIRECT_OBJC_ISA_USAGE = YES_ERROR;
				CLANG_WARN_DOCUMENTATION_COMMENTS = YES;
				CLANG_WARN_EMPTY_BODY = YES;
				CLANG_WARN_ENUM_CONVERSION = YES;
				CLANG_WARN_INFINITE_RECURSION = YES;
				CLANG_WARN_INT_CONVERSION = YES;
				CLANG_WARN_OBJC_ROOT_CLASS = YES_ERROR;
				CLANG_WARN_SUSPICIOUS_MOVE = YES;
				CLANG_WARN_UNREACHABLE_CODE = YES;
				CLANG_WARN__DUPLICATE_METHOD_MATCH = YES;
				"CODE_SIGN_IDENTITY[sdk=iphoneos*]" = "iPhone Developer";
				COPY_PHASE_STRIP = NO;
				DEBUG_INFORMATION_FORMAT = "dwarf-with-dsym";
				ENABLE_NS_ASSERTIONS = NO;
				ENABLE_STRICT_OBJC_MSGSEND = YES;
				GCC_C_LANGUAGE_STANDARD = gnu99;
				GCC_NO_COMMON_BLOCKS = YES;
				GCC_WARN_64_TO_32_BIT_CONVERSION = YES;
				GCC_WARN_ABOUT_RETURN_TYPE = YES_ERROR;
				GCC_WARN_UNDECLARED_SELECTOR = YES;
				GCC_WARN_UNINITIALIZED_AUTOS = YES_AGGRESSIVE;
				GCC_WARN_UNUSED_FUNCTION = YES;
				GCC_WARN_UNUSED_VARIABLE = YES;
				IPHONEOS_DEPLOYMENT_TARGET = 10.3;
				MTL_ENABLE_DEBUG_INFO = NO;
				SDKROOT = iphoneos;
				VALIDATE_PRODUCT = YES;
			};
			name = Release;
		};
		4C142D5A1EA098F200EF90B8 /* Debug */ = {
			isa = XCBuildConfiguration;
			baseConfigurationReference = 63114807BD3916135F8E00F3 /* Pods-QuestionDemo.debug.xcconfig */;
			buildSettings = {
				ASSETCATALOG_COMPILER_APPICON_NAME = AppIcon;
				DEVELOPMENT_TEAM = 4N4AMP88H6;
				GCC_PREFIX_HEADER = PrefixHeader.pch;
				INFOPLIST_FILE = QuestionDemo/Info.plist;
				LD_RUNPATH_SEARCH_PATHS = "$(inherited) @executable_path/Frameworks";
				PRODUCT_BUNDLE_IDENTIFIER = com.k.k.cyan.van.QuestionDemo;
				PRODUCT_NAME = "$(TARGET_NAME)";
			};
			name = Debug;
		};
		4C142D5B1EA098F200EF90B8 /* Release */ = {
			isa = XCBuildConfiguration;
			baseConfigurationReference = 091ADAD8190AB94EE8776944 /* Pods-QuestionDemo.release.xcconfig */;
			buildSettings = {
				ASSETCATALOG_COMPILER_APPICON_NAME = AppIcon;
				DEVELOPMENT_TEAM = 4N4AMP88H6;
				GCC_PREFIX_HEADER = PrefixHeader.pch;
				INFOPLIST_FILE = QuestionDemo/Info.plist;
				LD_RUNPATH_SEARCH_PATHS = "$(inherited) @executable_path/Frameworks";
				PRODUCT_BUNDLE_IDENTIFIER = com.k.k.cyan.van.QuestionDemo;
				PRODUCT_NAME = "$(TARGET_NAME)";
			};
			name = Release;
		};
		4C142D5D1EA098F200EF90B8 /* Debug */ = {
			isa = XCBuildConfiguration;
			buildSettings = {
				BUNDLE_LOADER = "$(TEST_HOST)";
				DEVELOPMENT_TEAM = 4N4AMP88H6;
				INFOPLIST_FILE = QuestionDemoTests/Info.plist;
				LD_RUNPATH_SEARCH_PATHS = "$(inherited) @executable_path/Frameworks @loader_path/Frameworks";
				PRODUCT_BUNDLE_IDENTIFIER = com.k.k.cyan.van.QuestionDemoTests;
				PRODUCT_NAME = "$(TARGET_NAME)";
				TEST_HOST = "$(BUILT_PRODUCTS_DIR)/QuestionDemo.app/QuestionDemo";
			};
			name = Debug;
		};
		4C142D5E1EA098F200EF90B8 /* Release */ = {
			isa = XCBuildConfiguration;
			buildSettings = {
				BUNDLE_LOADER = "$(TEST_HOST)";
				DEVELOPMENT_TEAM = 4N4AMP88H6;
				INFOPLIST_FILE = QuestionDemoTests/Info.plist;
				LD_RUNPATH_SEARCH_PATHS = "$(inherited) @executable_path/Frameworks @loader_path/Frameworks";
				PRODUCT_BUNDLE_IDENTIFIER = com.k.k.cyan.van.QuestionDemoTests;
				PRODUCT_NAME = "$(TARGET_NAME)";
				TEST_HOST = "$(BUILT_PRODUCTS_DIR)/QuestionDemo.app/QuestionDemo";
			};
			name = Release;
		};
		4C142D601EA098F200EF90B8 /* Debug */ = {
			isa = XCBuildConfiguration;
			buildSettings = {
				DEVELOPMENT_TEAM = 4N4AMP88H6;
				INFOPLIST_FILE = QuestionDemoUITests/Info.plist;
				LD_RUNPATH_SEARCH_PATHS = "$(inherited) @executable_path/Frameworks @loader_path/Frameworks";
				PRODUCT_BUNDLE_IDENTIFIER = com.k.k.cyan.van.QuestionDemoUITests;
				PRODUCT_NAME = "$(TARGET_NAME)";
				TEST_TARGET_NAME = QuestionDemo;
			};
			name = Debug;
		};
		4C142D611EA098F200EF90B8 /* Release */ = {
			isa = XCBuildConfiguration;
			buildSettings = {
				DEVELOPMENT_TEAM = 4N4AMP88H6;
				INFOPLIST_FILE = QuestionDemoUITests/Info.plist;
				LD_RUNPATH_SEARCH_PATHS = "$(inherited) @executable_path/Frameworks @loader_path/Frameworks";
				PRODUCT_BUNDLE_IDENTIFIER = com.k.k.cyan.van.QuestionDemoUITests;
				PRODUCT_NAME = "$(TARGET_NAME)";
				TEST_TARGET_NAME = QuestionDemo;
			};
			name = Release;
		};
/* End XCBuildConfiguration section */

/* Begin XCConfigurationList section */
		4C142D271EA098F200EF90B8 /* Build configuration list for PBXProject "QuestionDemo" */ = {
			isa = XCConfigurationList;
			buildConfigurations = (
				4C142D571EA098F200EF90B8 /* Debug */,
				4C142D581EA098F200EF90B8 /* Release */,
			);
			defaultConfigurationIsVisible = 0;
			defaultConfigurationName = Release;
		};
		4C142D591EA098F200EF90B8 /* Build configuration list for PBXNativeTarget "QuestionDemo" */ = {
			isa = XCConfigurationList;
			buildConfigurations = (
				4C142D5A1EA098F200EF90B8 /* Debug */,
				4C142D5B1EA098F200EF90B8 /* Release */,
			);
			defaultConfigurationIsVisible = 0;
			defaultConfigurationName = Release;
		};
		4C142D5C1EA098F200EF90B8 /* Build configuration list for PBXNativeTarget "QuestionDemoTests" */ = {
			isa = XCConfigurationList;
			buildConfigurations = (
				4C142D5D1EA098F200EF90B8 /* Debug */,
				4C142D5E1EA098F200EF90B8 /* Release */,
			);
			defaultConfigurationIsVisible = 0;
			defaultConfigurationName = Release;
		};
		4C142D5F1EA098F200EF90B8 /* Build configuration list for PBXNativeTarget "QuestionDemoUITests" */ = {
			isa = XCConfigurationList;
			buildConfigurations = (
				4C142D601EA098F200EF90B8 /* Debug */,
				4C142D611EA098F200EF90B8 /* Release */,
			);
			defaultConfigurationIsVisible = 0;
			defaultConfigurationName = Release;
		};
/* End XCConfigurationList section */
	};
	rootObject = 4C142D241EA098F200EF90B8 /* Project object */;
}
